
Microsoft Visual Studio Solution File, Format Version 12.00
# Visual Studio Version 16
VisualStudioVersion = 16.0.30320.27
MinimumVisualStudioVersion = 10.0.40219.1
Project("{FAE04EC0-301F-11D3-BF4B-00C04F79EFBC}") = "EmployeeManager", "EmployeeManager\EmployeeManager.csproj", "{CBA4E7AB-0DA1-46A3-8166-1722C8788A72}"
EndProject
Global
	GlobalSection(SolutionConfigurationPlatforms) = preSolution
		Debug|Any CPU = Debug|Any CPU
		Release|Any CPU = Release|Any CPU
	EndGlobalSection
	GlobalSection(ProjectConfigurationPlatforms) = postSolution
		{CBA4E7AB-0DA1-46A3-8166-1722C8788A72}.Debug|Any CPU.ActiveCfg = Debug|Any CPU
		{CBA4E7AB-0DA1-46A3-8166-1722C8788A72}.Debug|Any CPU.Build.0 = Debug|Any CPU
		{CBA4E7AB-0DA1-46A3-8166-1722C8788A72}.Release|Any CPU.ActiveCfg = Release|Any CPU
		{CBA4E7AB-0DA1-46A3-8166-1722C8788A72}.Release|Any CPU.Build.0 = Release|Any CPU
	EndGlobalSection
	GlobalSection(SolutionProperties) = preSolution
		HideSolutionNode = FALSE
	EndGlobalSection
	GlobalSection(ExtensibilityGlobals) = postSolution
		SolutionGuid = {1B7B93BF-09F8-4671-AA01-5CF0FF7E218D}
	EndGlobalSection
EndGlobal
